# This file is autogenerated, do not edit; changes may be undone by the next 'dep ensure'.


[[projects]]
  name = "github.com/BurntSushi/toml"
  packages = ["."]
  revision = "b26d9c308763d68093482582cea63d69be07a0f0"
  version = "v0.3.0"

[[projects]]
  name = "github.com/RoaringBitmap/roaring"
  packages = ["."]
  revision = "939572518109b1245d42731e63c76fed407caa3b"
  version = "v0.4.11"

[[projects]]
  branch = "master"
  name = "github.com/armon/go-metrics"
  packages = ["."]
  revision = "58588f401c2cc130a7308a52ca3bc6c0a76db04b"

[[projects]]
  branch = "master"
  name = "github.com/beorn7/perks"
  packages = ["quantile"]
  revision = "3a771d992973f24aa725d07868b467d1ddfceafb"

[[projects]]
  name = "github.com/boltdb/bolt"
  packages = ["."]
  revision = "2f1ce7a837dcb8da3ec595b1dac9d0632f0f99e8"
  version = "v1.3.1"

[[projects]]
  name = "github.com/cespare/xxhash"
  packages = ["."]
  revision = "5c37fe3735342a2e0d01c87a907579987c8936cc"
  version = "v1.0.0"

[[projects]]
  name = "github.com/coreos/bbolt"
  packages = ["."]
  revision = "583e8937c61f1af6513608ccc75c97b6abdf4ff9"
  version = "v1.3.0"

[[projects]]
  name = "github.com/coreos/etcd"
  packages = [
    "alarm",
    "auth",
    "auth/authpb",
    "client",
    "clientv3",
    "clientv3/concurrency",
    "clientv3/leasing",
    "clientv3/namespace",
    "clientv3/naming",
    "clientv3/ordering",
    "compactor",
    "discovery",
    "embed",
    "error",
    "etcdserver",
    "etcdserver/api",
    "etcdserver/api/etcdhttp",
    "etcdserver/api/v2http",
    "etcdserver/api/v2http/httptypes",
    "etcdserver/api/v2v3",
    "etcdserver/api/v3client",
    "etcdserver/api/v3election",
    "etcdserver/api/v3election/v3electionpb",
    "etcdserver/api/v3election/v3electionpb/gw",
    "etcdserver/api/v3lock",
    "etcdserver/api/v3lock/v3lockpb",
    "etcdserver/api/v3lock/v3lockpb/gw",
    "etcdserver/api/v3rpc",
    "etcdserver/api/v3rpc/rpctypes",
    "etcdserver/auth",
    "etcdserver/etcdserverpb",
    "etcdserver/etcdserverpb/gw",
    "etcdserver/membership",
    "etcdserver/stats",
    "lease",
    "lease/leasehttp",
    "lease/leasepb",
    "mvcc",
    "mvcc/backend",
    "mvcc/mvccpb",
    "pkg/adt",
    "pkg/contention",
    "pkg/cors",
    "pkg/cpuutil",
    "pkg/crc",
    "pkg/debugutil",
    "pkg/fileutil",
    "pkg/flags",
    "pkg/httputil",
    "pkg/idutil",
    "pkg/ioutil",
    "pkg/logutil",
    "pkg/netutil",
    "pkg/osutil",
    "pkg/pathutil",
    "pkg/pbutil",
    "pkg/runtime",
    "pkg/schedule",
    "pkg/srv",
    "pkg/tlsutil",
    "pkg/transport",
    "pkg/types",
    "pkg/wait",
    "proxy/grpcproxy",
    "proxy/grpcproxy/adapter",
    "proxy/grpcproxy/cache",
    "proxy/httpproxy",
    "proxy/tcpproxy",
    "raft",
    "raft/raftpb",
    "rafthttp",
    "snap",
    "snap/snappb",
    "store",
    "version",
    "wal",
    "wal/walpb"
  ]
  revision = "33245c6b5b49130ca99280408fadfab01aac0e48"
  version = "v3.3.8"

[[projects]]
  name = "github.com/coreos/go-semver"
  packages = ["semver"]
  revision = "8ab6407b697782a06568d4b7f1db25550ec2e4c6"
  version = "v0.2.0"

[[projects]]
  name = "github.com/coreos/go-systemd"
  packages = [
    "daemon",
    "journal",
    "util"
  ]
  revision = "39ca1b05acc7ad1220e09f133283b8859a8b71ab"
  version = "v17"

[[projects]]
  name = "github.com/coreos/pkg"
  packages = [
    "capnslog",
    "dlopen"
  ]
  revision = "97fdf19511ea361ae1c100dd393cc47f8dcfa1e1"
  version = "v4"

[[projects]]
  name = "github.com/davecgh/go-spew"
  packages = ["spew"]
  revision = "346938d642f2ec3594ed81d874461961cd0faa76"
  version = "v1.1.0"

[[projects]]
  name = "github.com/dgrijalva/jwt-go"
  packages = ["."]
  revision = "06ea1031745cb8b3dab3f6a236daf2b0aa468b7e"
  version = "v3.2.0"

[[projects]]
  branch = "master"
  name = "github.com/dgryski/go-bits"
  packages = ["."]
  revision = "bd8a69a71dc203aa976f9d918b428db9ac605f57"

[[projects]]
  name = "github.com/emirpasic/gods"
  packages = [
    "containers",
    "trees",
    "trees/avltree",
    "utils"
  ]
  revision = "f6c17b524822278a87e3b3bd809fec33b51f5b46"
  version = "v1.9.0"

[[projects]]
  name = "github.com/ghodss/yaml"
  packages = ["."]
  revision = "0ca9ea5df5451ffdf184b4428c902747c2c11cd7"
  version = "v1.0.0"

[[projects]]
  branch = "master"
  name = "github.com/glycerine/go-unsnap-stream"
  packages = ["."]
  revision = "9f0cb55181dd3a0a4c168d3dbc72d4aca4853126"

[[projects]]
  name = "github.com/gogo/protobuf"
  packages = [
    "gogoproto",
    "proto",
    "protoc-gen-gogo/descriptor",
    "sortkeys",
    "types"
  ]
  revision = "1adfc126b41513cc696b209667c8656ea7aac67c"
  version = "v1.0.0"

[[projects]]
  branch = "master"
  name = "github.com/golang/groupcache"
  packages = ["lru"]
  revision = "24b0969c4cb722950103eed87108c8d291a8df00"

[[projects]]
  name = "github.com/golang/protobuf"
  packages = [
    "jsonpb",
    "proto",
    "ptypes",
    "ptypes/any",
    "ptypes/duration",
    "ptypes/struct",
    "ptypes/timestamp"
  ]
  revision = "b4deda0973fb4c70b50d226b1af49f3da59f5265"
  version = "v1.1.0"

[[projects]]
  branch = "master"
  name = "github.com/golang/snappy"
  packages = ["."]
  revision = "2e65f85255dbc3072edf28d6b5b8efc472979f5a"

[[projects]]
  branch = "master"
  name = "github.com/google/btree"
  packages = ["."]
  revision = "e89373fe6b4a7413d7acd6da1725b83ef713e6e4"

[[projects]]
  name = "github.com/gorilla/websocket"
  packages = ["."]
  revision = "ea4d1f681babbce9545c9c5f3d5194a789c89f5b"
  version = "v1.2.0"

[[projects]]
  name = "github.com/grpc-ecosystem/go-grpc-prometheus"
  packages = ["."]
  revision = "c225b8c3b01faf2899099b768856a9e916e5087b"
  version = "v1.2.0"

[[projects]]
  name = "github.com/grpc-ecosystem/grpc-gateway"
  packages = [
    "runtime",
    "runtime/internal",
    "utilities"
  ]
  revision = "92583770e3f01b09a0d3e9bdf64321d8bebd48f2"
  version = "v1.4.1"

[[projects]]
  branch = "master"
  name = "github.com/hashicorp/errwrap"
  packages = ["."]
  revision = "7554cd9344cec97297fa6649b055a8c98c2a1e55"

[[projects]]
  branch = "master"
  name = "github.com/hashicorp/go-immutable-radix"
  packages = ["."]
  revision = "7f3cd4390caab3250a57f30efdb2a65dd7649ecf"

[[projects]]
  branch = "master"
  name = "github.com/hashicorp/go-msgpack"
  packages = ["codec"]
  revision = "fa3f63826f7c23912c15263591e65d54d080b458"

[[projects]]
  branch = "master"
  name = "github.com/hashicorp/go-multierror"
  packages = ["."]
  revision = "b7773ae218740a7be65057fc60b366a49b538a44"

[[projects]]
  branch = "master"
  name = "github.com/hashicorp/go-sockaddr"
  packages = ["."]
  revision = "6d291a969b86c4b633730bfc6b8b9d64c3aafed9"

[[projects]]
  branch = "master"
  name = "github.com/hashicorp/golang-lru"
  packages = ["simplelru"]
  revision = "0fb14efe8c47ae851c0034ed7a448854d3d34cf3"

[[projects]]
  name = "github.com/hashicorp/memberlist"
  packages = ["."]
  revision = "ce8abaa0c60c2d6bee7219f5ddf500e0a1457b28"
  version = "v0.1.0"

[[projects]]
  name = "github.com/inconshreveable/mousetrap"
  packages = ["."]
  revision = "76626ae9c91c4f2a10f34cad8ce83ea42c93bb75"
  version = "v1.0"

[[projects]]
  name = "github.com/influxdata/influxdb"
  packages = [
    ".",
    "client/v2",
    "coordinator",
    "logger",
    "models",
    "monitor",
    "monitor/diagnostics",
    "pkg/binaryutil",
    "pkg/bits",
    "pkg/bytesutil",
    "pkg/escape",
    "pkg/estimator",
    "pkg/estimator/hll",
    "pkg/file",
    "pkg/limiter",
    "pkg/mmap",
    "pkg/rhh",
    "pkg/snowflake",
    "pkg/tracing",
    "pkg/tracing/fields",
    "pkg/tracing/labels",
    "pkg/tracing/wire",
    "query",
    "query/internal",
    "query/neldermead",
    "services/meta",
    "services/meta/internal",
    "toml",
    "tsdb",
    "tsdb/internal"
  ]
  revision = "4e4e00bc5ab85a3ff5e988c91020cf0399a87026"
  version = "v1.5.4"

[[projects]]
  branch = "master"
  name = "github.com/influxdata/influxdb-relay"
  packages = ["relay"]
  revision = "adaa2ea7bf97af592884fcfa57df1a2a77adb571"

[[projects]]
  branch = "master"
  name = "github.com/influxdata/influxql"
  packages = [
    ".",
    "internal"
  ]
  revision = "5e999e6a81820d4450f2a1f35c5597b569258f01"

[[projects]]
  name = "github.com/jonboulle/clockwork"
  packages = ["."]
  revision = "2eee05ed794112d45db504eb05aa693efd2b8b09"
  version = "v0.1.0"

[[projects]]
  name = "github.com/jsternberg/zap-logfmt"
  packages = ["."]
  revision = "ac4bd917e18a4548ce6e0e765b29a4e7f397b0b6"
  version = "v1.0.0"

[[projects]]
  name = "github.com/mattn/go-isatty"
  packages = ["."]
  revision = "0360b2af4f38e8d38c7fce2a9f4e702702d73a39"
  version = "v0.0.3"

[[projects]]
  name = "github.com/matttproud/golang_protobuf_extensions"
  packages = ["pbutil"]
  revision = "c12348ce28de40eed0136aa2b644d0ee0650e56c"
  version = "v1.0.1"

[[projects]]
  name = "github.com/miekg/dns"
  packages = ["."]
  revision = "5a2b9fab83ff0f8bfc99684bd5f43a37abe560f1"
  version = "v1.0.8"

[[projects]]
  branch = "master"
  name = "github.com/mschoch/smat"
  packages = ["."]
  revision = "90eadee771aeab36e8bf796039b8c261bebebe4f"

[[projects]]
  name = "github.com/naoina/go-stringutil"
  packages = ["."]
  revision = "6b638e95a32d0c1131db0e7fe83775cbea4a0d0b"
  version = "v0.1.0"

[[projects]]
  name = "github.com/naoina/toml"
  packages = [
    ".",
    "ast"
  ]
  revision = "e6f5723bf2a66af014955e0888881314cf294129"
  version = "v0.1.1"

[[projects]]
  branch = "master"
  name = "github.com/petar/GoLLRB"
  packages = ["llrb"]
  revision = "53be0d36a84c2a886ca057d34b6aa4468df9ccb4"

[[projects]]
  name = "github.com/philhofer/fwd"
  packages = ["."]
  revision = "bb6d471dc95d4fe11e432687f8b70ff496cf3136"
  version = "v1.0.0"

[[projects]]
  name = "github.com/pmezard/go-difflib"
  packages = ["difflib"]
  revision = "792786c7400a136282c1664665ae0a8db921c6c2"
  version = "v1.0.0"

[[projects]]
  name = "github.com/prometheus/client_golang"
  packages = [
    "prometheus",
    "prometheus/promhttp"
  ]
  revision = "c5b7fccd204277076155f10851dad72b76a49317"
  version = "v0.8.0"

[[projects]]
  branch = "master"
  name = "github.com/prometheus/client_model"
  packages = ["go"]
  revision = "99fa1f4be8e564e8a6b613da7fa6f46c9edafc6c"

[[projects]]
  branch = "master"
  name = "github.com/prometheus/common"
  packages = [
    "expfmt",
    "internal/bitbucket.org/ww/goautoneg",
    "model"
  ]
  revision = "7600349dcfe1abd18d72d3a1770870d9800a7801"

[[projects]]
  branch = "master"
  name = "github.com/prometheus/procfs"
  packages = [
    ".",
    "internal/util",
    "nfs",
    "xfs"
  ]
  revision = "40f013a808ec4fa79def444a1a56de4d1727efcb"

[[projects]]
  name = "github.com/satori/go.uuid"
  packages = ["."]
  revision = "f58768cc1a7a7e77a3bd49e98cdd21419399b6a3"
  version = "v1.2.0"

[[projects]]
  branch = "master"
  name = "github.com/schwarmco/go-cartesian-product"
  packages = ["."]
  revision = "d5ee747a6dc9e4f8781f3ee3b9becc1bcd15cf71"

[[projects]]
  branch = "master"
  name = "github.com/sean-/seed"
  packages = ["."]
  revision = "e2103e2c35297fb7e17febb81e49b312087a2372"

[[projects]]
  name = "github.com/sirupsen/logrus"
  packages = ["."]
  revision = "c155da19408a8799da419ed3eeb0cb5db0ad5dbc"
  version = "v1.0.5"

[[projects]]
  name = "github.com/soheilhy/cmux"
  packages = ["."]
  revision = "e09e9389d85d8492d313d73d1469c029e710623f"
  version = "v0.1.4"

[[projects]]
  name = "github.com/spf13/cobra"
  packages = ["."]
  revision = "ef82de70bb3f60c65fb8eebacbb2d122ef517385"
  version = "v0.0.3"

[[projects]]
  name = "github.com/spf13/pflag"
  packages = ["."]
  revision = "583c0c0531f06d5278b7d917446061adc344b5cd"
  version = "v1.0.1"

[[projects]]
  name = "github.com/stretchr/testify"
  packages = ["assert"]
  revision = "f35b8ab0b5a2cef36673838d662e249dd9c94686"
  version = "v1.2.2"

[[projects]]
  name = "github.com/tinylib/msgp"
  packages = ["msgp"]
  revision = "b2b6a672cf1e5b90748f79b8b81fc8c5cf0571a1"
  version = "1.0.2"

[[projects]]
  branch = "master"
  name = "github.com/tmc/grpc-websocket-proxy"
  packages = ["wsproxy"]
  revision = "830351dc03c6f07d625727d5f993a463babb20e1"

[[projects]]
  name = "github.com/uber-go/atomic"
  packages = ["."]
  revision = "1ea20fb1cbb1cc08cbd0d913a96dead89aa18289"
  version = "v1.3.2"

[[projects]]
  name = "github.com/ugorji/go"
  packages = ["codec"]
  revision = "b4c50a2b199d93b13dc15e78929cfb23bfdf21ab"
  version = "v1.1.1"

[[projects]]
  name = "github.com/willf/bitset"
  packages = ["."]
  revision = "d860f346b89450988a379d7d705e83c58d1ea227"
  version = "v1.1.3"

[[projects]]
  name = "github.com/xiang90/probing"
  packages = ["."]
  revision = "07dd2e8dfe18522e9c447ba95f2fe95262f63bb2"
  version = "0.0.1"

[[projects]]
  branch = "master"
  name = "github.com/xlab/treeprint"
  packages = ["."]
  revision = "d6fb6747feb6e7cfdc44682a024bddf87ef07ec2"

[[projects]]
  name = "go.uber.org/atomic"
  packages = ["."]
  revision = "8474b86a5a6f79c443ce4b2992817ff32cf208b8"
  version = "v1.3.1"

[[projects]]
  name = "go.uber.org/multierr"
  packages = ["."]
  revision = "3c4937480c32f4c13a875a1829af76c98ca3d40a"
  version = "v1.1.0"

[[projects]]
  name = "go.uber.org/zap"
  packages = [
    ".",
    "buffer",
    "internal/bufferpool",
    "internal/color",
    "internal/exit",
    "zapcore"
  ]
  revision = "eeedf312bc6c57391d84767a4cd413f02a917974"
  version = "v1.8.0"

[[projects]]
  branch = "master"
  name = "golang.org/x/crypto"
  packages = [
    "bcrypt",
    "blowfish",
    "ed25519",
    "ed25519/internal/edwards25519",
    "ssh/terminal"
  ]
  revision = "a49355c7e3f8fe157a85be2f77e6e269a0f89602"

[[projects]]
  branch = "master"
  name = "golang.org/x/net"
  packages = [
    "bpf",
    "context",
    "http/httpguts",
    "http2",
    "http2/hpack",
    "idna",
    "internal/iana",
    "internal/socket",
    "internal/timeseries",
    "ipv4",
    "ipv6",
    "trace"
  ]
  revision = "4cb1c02c05b0e749b0365f61ae859a8e0cfceed9"

[[projects]]
  branch = "master"
  name = "golang.org/x/sync"
  packages = ["errgroup"]
  revision = "1d60e4601c6fd243af51cc01ddf169918a5407ca"

[[projects]]
  branch = "master"
  name = "golang.org/x/sys"
  packages = [
    "unix",
    "windows"
  ]
  revision = "7138fd3d9dc8335c567ca206f4333fb75eb05d56"

[[projects]]
  name = "golang.org/x/text"
  packages = [
    "collate",
    "collate/build",
    "internal/colltab",
    "internal/gen",
    "internal/tag",
    "internal/triegen",
    "internal/ucd",
    "language",
    "secure/bidirule",
    "transform",
    "unicode/bidi",
    "unicode/cldr",
    "unicode/norm",
    "unicode/rangetable"
  ]
  revision = "f21a4dfb5e38f5895301dc265a8def02365cc3d0"
  version = "v0.3.0"

[[projects]]
  branch = "master"
  name = "golang.org/x/time"
  packages = ["rate"]
  revision = "fbb02b2291d28baffd63558aa44b4b56f178d650"

[[projects]]
  branch = "master"
  name = "google.golang.org/genproto"
  packages = ["googleapis/rpc/status"]
  revision = "ff3583edef7de132f219f0efc00e097cabcc0ec0"

[[projects]]
  name = "google.golang.org/grpc"
  packages = [
    ".",
    "balancer",
    "balancer/base",
    "balancer/roundrobin",
    "codes",
    "connectivity",
    "credentials",
    "encoding",
    "encoding/proto",
    "grpclog",
    "health",
    "health/grpc_health_v1",
    "internal",
    "internal/backoff",
    "internal/channelz",
    "internal/grpcrand",
    "keepalive",
    "metadata",
    "naming",
    "peer",
    "resolver",
    "resolver/dns",
    "resolver/passthrough",
    "stats",
    "status",
    "tap",
    "transport"
  ]
  revision = "168a6198bcb0ef175f7dacec0b8691fc141dc9b8"
  version = "v1.13.0"

[[projects]]
  name = "gopkg.in/yaml.v2"
  packages = ["."]
  revision = "5420a8b6744d3b0345ab293f6fcba19c978f1183"
  version = "v2.2.1"

[solve-meta]
  analyzer-name = "dep"
  analyzer-version = 1
  inputs-digest = "594e35f102be40bf6900783ff6a33c4a53c353581a63b32c866ccc3c5cfe578a"
  solver-name = "gps-cdcl"
  solver-version = 1
